// !$*UTF8*$!
{
	archiveVersion = 1;
	classes = {
	};
	objectVersion = 56;
	objects = {

/* Begin PBXBuildFile section */
		3A384A8A2932970900CC9045 /* AppOrientationDelegate.swift in Sources */ = {isa = PBXBuildFile; fileRef = 3A384A892932970900CC9045 /* AppOrientationDelegate.swift */; };
		3A6118C22915786C001BCCD6 /* NYTCarouselApp.swift in Sources */ = {isa = PBXBuildFile; fileRef = 3A6118C12915786C001BCCD6 /* NYTCarouselApp.swift */; };
		3A6118C42915786C001BCCD6 /* ContentView.swift in Sources */ = {isa = PBXBuildFile; fileRef = 3A6118C32915786C001BCCD6 /* ContentView.swift */; };
		3A6118C62915786D001BCCD6 /* Assets.xcassets in Resources */ = {isa = PBXBuildFile; fileRef = 3A6118C52915786D001BCCD6 /* Assets.xcassets */; };
		3A6118C92915786D001BCCD6 /* Preview Assets.xcassets in Resources */ = {isa = PBXBuildFile; fileRef = 3A6118C82915786D001BCCD6 /* Preview Assets.xcassets */; };
		3A6118D1291578B4001BCCD6 /* CollageImageModifier.swift in Sources */ = {isa = PBXBuildFile; fileRef = 3A6118D0291578B4001BCCD6 /* CollageImageModifier.swift */; };
		3A6118DA2915791F001BCCD6 /* CollagePageViewModel.swift in Sources */ = {isa = PBXBuildFile; fileRef = 3A6118D22915791E001BCCD6 /* CollagePageViewModel.swift */; };
		3A6118DE2915791F001BCCD6 /* CarouselView.swift in Sources */ = {isa = PBXBuildFile; fileRef = 3A6118D62915791F001BCCD6 /* CarouselView.swift */; };
		3A6118E02915791F001BCCD6 /* CollageImageLayoutProvider.swift in Sources */ = {isa = PBXBuildFile; fileRef = 3A6118D82915791F001BCCD6 /* CollageImageLayoutProvider.swift */; };
		3A6118E12915791F001BCCD6 /* CollagePage.swift in Sources */ = {isa = PBXBuildFile; fileRef = 3A6118D92915791F001BCCD6 /* CollagePage.swift */; };
		3A611ACF29170279001BCCD6 /* OnFirstAppear.swift in Sources */ = {isa = PBXBuildFile; fileRef = 3A611ACE29170279001BCCD6 /* OnFirstAppear.swift */; };
		3ACA91D5294974BD0007AC6E /* AsyncImageContainer.swift in Sources */ = {isa = PBXBuildFile; fileRef = 3ACA91D4294974BD0007AC6E /* AsyncImageContainer.swift */; };
		3ADC29A629182865008F67FE /* DeviceRotationViewModifier.swift in Sources */ = {isa = PBXBuildFile; fileRef = 3ADC29A529182865008F67FE /* DeviceRotationViewModifier.swift */; };
/* End PBXBuildFile section */

/* Begin PBXFileReference section */
		3A384A892932970900CC9045 /* AppOrientationDelegate.swift */ = {isa = PBXFileReference; lastKnownFileType = sourcecode.swift; path = AppOrientationDelegate.swift; sourceTree = "<group>"; };
		3A6118BE2915786C001BCCD6 /* NYTCarousel.app */ = {isa = PBXFileReference; explicitFileType = wrapper.application; includeInIndex = 0; path = NYTCarousel.app; sourceTree = BUILT_PRODUCTS_DIR; };
		3A6118C12915786C001BCCD6 /* NYTCarouselApp.swift */ = {isa = PBXFileReference; lastKnownFileType = sourcecode.swift; path = NYTCarouselApp.swift; sourceTree = "<group>"; };
		3A6118C32915786C001BCCD6 /* ContentView.swift */ = {isa = PBXFileReference; lastKnownFileType = sourcecode.swift; path = ContentView.swift; sourceTree = "<group>"; };
		3A6118C52915786D001BCCD6 /* Assets.xcassets */ = {isa = PBXFileReference; lastKnownFileType = folder.assetcatalog; path = Assets.xcassets; sourceTree = "<group>"; };
		3A6118C82915786D001BCCD6 /* Preview Assets.xcassets */ = {isa = PBXFileReference; lastKnownFileType = folder.assetcatalog; path = "Preview Assets.xcassets"; sourceTree = "<group>"; };
		3A6118D0291578B4001BCCD6 /* CollageImageModifier.swift */ = {isa = PBXFileReference; lastKnownFileType = sourcecode.swift; path = CollageImageModifier.swift; sourceTree = "<group>"; };
		3A6118D22915791E001BCCD6 /* CollagePageViewModel.swift */ = {isa = PBXFileReference; fileEncoding = 4; lastKnownFileType = sourcecode.swift; path = CollagePageViewModel.swift; sourceTree = "<group>"; };
		3A6118D62915791F001BCCD6 /* CarouselView.swift */ = {isa = PBXFileReference; fileEncoding = 4; lastKnownFileType = sourcecode.swift; path = CarouselView.swift; sourceTree = "<group>"; };
		3A6118D82915791F001BCCD6 /* CollageImageLayoutProvider.swift */ = {isa = PBXFileReference; fileEncoding = 4; lastKnownFileType = sourcecode.swift; path = CollageImageLayoutProvider.swift; sourceTree = "<group>"; };
		3A6118D92915791F001BCCD6 /* CollagePage.swift */ = {isa = PBXFileReference; fileEncoding = 4; lastKnownFileType = sourcecode.swift; path = CollagePage.swift; sourceTree = "<group>"; };
		3A611ACE29170279001BCCD6 /* OnFirstAppear.swift */ = {isa = PBXFileReference; lastKnownFileType = sourcecode.swift; path = OnFirstAppear.swift; sourceTree = "<group>"; };
		3A76E5392956088700DF06F3 /* Info.plist */ = {isa = PBXFileReference; lastKnownFileType = text.plist; path = Info.plist; sourceTree = "<group>"; };
		3ACA91D4294974BD0007AC6E /* AsyncImageContainer.swift */ = {isa = PBXFileReference; lastKnownFileType = sourcecode.swift; path = AsyncImageContainer.swift; sourceTree = "<group>"; };
		3ADC29A529182865008F67FE /* DeviceRotationViewModifier.swift */ = {isa = PBXFileReference; lastKnownFileType = sourcecode.swift; path = DeviceRotationViewModifier.swift; sourceTree = "<group>"; };
/* End PBXFileReference section */

/* Begin PBXFrameworksBuildPhase section */
		3A6118BB2915786C001BCCD6 /* Frameworks */ = {
			isa = PBXFrameworksBuildPhase;
			buildActionMask = 2147483647;
			files = (
			);
			runOnlyForDeploymentPostprocessing = 0;
		};
/* End PBXFrameworksBuildPhase section */

/* Begin PBXGroup section */
		3A6118B52915786C001BCCD6 = {
			isa = PBXGroup;
			children = (
				3A6118C02915786C001BCCD6 /* NYTCarousel */,
				3A6118BF2915786C001BCCD6 /* Products */,
			);
			sourceTree = "<group>";
		};
		3A6118BF2915786C001BCCD6 /* Products */ = {
			isa = PBXGroup;
			children = (
				3A6118BE2915786C001BCCD6 /* NYTCarousel.app */,
			);
			name = Products;
			sourceTree = "<group>";
		};
		3A6118C02915786C001BCCD6 /* NYTCarousel */ = {
			isa = PBXGroup;
			children = (
				3A76E5392956088700DF06F3 /* Info.plist */,
				3A384A892932970900CC9045 /* AppOrientationDelegate.swift */,
				3A6118C52915786D001BCCD6 /* Assets.xcassets */,
				3A6118E4291579BD001BCCD6 /* Carousel */,
				3A6118C32915786C001BCCD6 /* ContentView.swift */,
				3A6118C12915786C001BCCD6 /* NYTCarouselApp.swift */,
				3A6118C72915786D001BCCD6 /* Preview Content */,
				3A6118CF2915789C001BCCD6 /* View Modifiers */,
			);
			path = NYTCarousel;
			sourceTree = "<group>";
		};
		3A6118C72915786D001BCCD6 /* Preview Content */ = {
			isa = PBXGroup;
			children = (
				3A6118C82915786D001BCCD6 /* Preview Assets.xcassets */,
			);
			path = "Preview Content";
			sourceTree = "<group>";
		};
		3A6118CF2915789C001BCCD6 /* View Modifiers */ = {
			isa = PBXGroup;
			children = (
				3A6118D0291578B4001BCCD6 /* CollageImageModifier.swift */,
				3ADC29A529182865008F67FE /* DeviceRotationViewModifier.swift */,
				3A611ACE29170279001BCCD6 /* OnFirstAppear.swift */,
			);
			path = "View Modifiers";
			sourceTree = "<group>";
		};
		3A6118E4291579BD001BCCD6 /* Carousel */ = {
			isa = PBXGroup;
			children = (
				3ACA91D4294974BD0007AC6E /* AsyncImageContainer.swift */,
				3A6118D62915791F001BCCD6 /* CarouselView.swift */,
				3A6118D82915791F001BCCD6 /* CollageImageLayoutProvider.swift */,
				3A6118D92915791F001BCCD6 /* CollagePage.swift */,
				3A6118D22915791E001BCCD6 /* CollagePageViewModel.swift */,
			);
			path = Carousel;
			sourceTree = "<group>";
		};
/* End PBXGroup section */

/* Begin PBXNativeTarget section */
		3A6118BD2915786C001BCCD6 /* NYTCarousel */ = {
			isa = PBXNativeTarget;
			buildConfigurationList = 3A6118CC2915786D001BCCD6 /* Build configuration list for PBXNativeTarget "NYTCarousel" */;
			buildPhases = (
				3A6118BA2915786C001BCCD6 /* Sources */,
				3A6118BB2915786C001BCCD6 /* Frameworks */,
				3A6118BC2915786C001BCCD6 /* Resources */,
			);
			buildRules = (
			);
			dependencies = (
			);
			name = NYTCarousel;
			productName = NYTCarousel;
			productReference = 3A6118BE2915786C001BCCD6 /* NYTCarousel.app */;
			productType = "com.apple.product-type.application";
		};
/* End PBXNativeTarget section */

/* Begin PBXProject section */
		3A6118B62915786C001BCCD6 /* Project object */ = {
			isa = PBXProject;
			attributes = {
				BuildIndependentTargetsInParallel = 1;
				LastSwiftUpdateCheck = 1400;
				LastUpgradeCheck = 1400;
				TargetAttributes = {
					3A6118BD2915786C001BCCD6 = {
						CreatedOnToolsVersion = 14.0;
					};
				};
			};
			buildConfigurationList = 3A6118B92915786C001BCCD6 /* Build configuration list for PBXProject "NYTCarousel" */;
			compatibilityVersion = "Xcode 14.0";
			developmentRegion = en;
			hasScannedForEncodings = 0;
			knownRegions = (
				en,
				Base,
			);
			mainGroup = 3A6118B52915786C001BCCD6;
			productRefGroup = 3A6118BF2915786C001BCCD6 /* Products */;
			projectDirPath = "";
			projectRoot = "";
			targets = (
				3A6118BD2915786C001BCCD6 /* NYTCarousel */,
			);
		};
/* End PBXProject section */

/* Begin PBXResourcesBuildPhase section */
		3A6118BC2915786C001BCCD6 /* Resources */ = {
			isa = PBXResourcesBuildPhase;
			buildActionMask = 2147483647;
			files = (
				3A6118C92915786D001BCCD6 /* Preview Assets.xcassets in Resources */,
				3A6118C62915786D001BCCD6 /* Assets.xcassets in Resources */,
			);
			runOnlyForDeploymentPostprocessing = 0;
		};
/* End PBXResourcesBuildPhase section */

/* Begin PBXSourcesBuildPhase section */
		3A6118BA2915786C001BCCD6 /* Sources */ = {
			isa = PBXSourcesBuildPhase;
			buildActionMask = 2147483647;
			files = (
				3A6118DE2915791F001BCCD6 /* CarouselView.swift in Sources */,
				3A6118C42915786C001BCCD6 /* ContentView.swift in Sources */,
				3A6118D1291578B4001BCCD6 /* CollageImageModifier.swift in Sources */,
				3A611ACF29170279001BCCD6 /* OnFirstAppear.swift in Sources */,
				3A6118DA2915791F001BCCD6 /* CollagePageViewModel.swift in Sources */,
				3A6118E02915791F001BCCD6 /* CollageImageLayoutProvider.swift in Sources */,
				3ADC29A629182865008F67FE /* DeviceRotationViewModifier.swift in Sources */,
				3A384A8A2932970900CC9045 /* AppOrientationDelegate.swift in Sources */,
				3ACA91D5294974BD0007AC6E /* AsyncImageContainer.swift in Sources */,
				3A6118E12915791F001BCCD6 /* CollagePage.swift in Sources */,
				3A6118C22915786C001BCCD6 /* NYTCarouselApp.swift in Sources */,
			);
			runOnlyForDeploymentPostprocessing = 0;
		};
/* End PBXSourcesBuildPhase section */

/* Begin XCBuildConfiguration section */
		3A6118CA2915786D001BCCD6 /* Debug */ = {
			isa = XCBuildConfiguration;
			buildSettings = {
				ALWAYS_SEARCH_USER_PATHS = NO;
				CLANG_ANALYZER_NONNULL = YES;
				CLANG_ANALYZER_NUMBER_OBJECT_CONVERSION = YES_AGGRESSIVE;
				CLANG_CXX_LANGUAGE_STANDARD = "gnu++20";
				CLANG_ENABLE_MODULES = YES;
				CLANG_ENABLE_OBJC_ARC = YES;
				CLANG_ENABLE_OBJC_WEAK = YES;
				CLANG_WARN_BLOCK_CAPTURE_AUTORELEASING = YES;
				CLANG_WARN_BOOL_CONVERSION = YES;
				CLANG_WARN_COMMA = YES;
				CLANG_WARN_CONSTANT_CONVERSION = YES;
				CLANG_WARN_DEPRECATED_OBJC_IMPLEMENTATIONS = YES;
				CLANG_WARN_DIRECT_OBJC_ISA_USAGE = YES_ERROR;
				CLANG_WARN_DOCUMENTATION_COMMENTS = YES;
				CLANG_WARN_EMPTY_BODY = YES;
				CLANG_WARN_ENUM_CONVERSION = YES;
				CLANG_WARN_INFINITE_RECURSION = YES;
				CLANG_WARN_INT_CONVERSION = YES;
				CLANG_WARN_NON_LITERAL_NULL_CONVERSION = YES;
				CLANG_WARN_OBJC_IMPLICIT_RETAIN_SELF = YES;
				CLANG_WARN_OBJC_LITERAL_CONVERSION = YES;
				CLANG_WARN_OBJC_ROOT_CLASS = YES_ERROR;
				CLANG_WARN_QUOTED_INCLUDE_IN_FRAMEWORK_HEADER = YES;
				CLANG_WARN_RANGE_LOOP_ANALYSIS = YES;
				CLANG_WARN_STRICT_PROTOTYPES = YES;
				CLANG_WARN_SUSPICIOUS_MOVE = YES;
				CLANG_WARN_UNGUARDED_AVAILABILITY = YES_AGGRESSIVE;
				CLANG_WARN_UNREACHABLE_CODE = YES;
				CLANG_WARN__DUPLICATE_METHOD_MATCH = YES;
				COPY_PHASE_STRIP = NO;
				DEBUG_INFORMATION_FORMAT = dwarf;
				ENABLE_STRICT_OBJC_MSGSEND = YES;
				ENABLE_TESTABILITY = YES;
				GCC_C_LANGUAGE_STANDARD = gnu11;
				GCC_DYNAMIC_NO_PIC = NO;
				GCC_NO_COMMON_BLOCKS = YES;
				GCC_OPTIMIZATION_LEVEL = 0;
				GCC_PREPROCESSOR_DEFINITIONS = (
					"DEBUG=1",
					"$(inherited)",
				);
				GCC_WARN_64_TO_32_BIT_CONVERSION = YES;
				GCC_WARN_ABOUT_RETURN_TYPE = YES_ERROR;
				GCC_WARN_UNDECLARED_SELECTOR = YES;
				GCC_WARN_UNINITIALIZED_AUTOS = YES_AGGRESSIVE;
				GCC_WARN_UNUSED_FUNCTION = YES;
				GCC_WARN_UNUSED_VARIABLE = YES;
				IPHONEOS_DEPLOYMENT_TARGET = 16.0;
				MTL_ENABLE_DEBUG_INFO = INCLUDE_SOURCE;
				MTL_FAST_MATH = YES;
				ONLY_ACTIVE_ARCH = YES;
				SDKROOT = iphoneos;
				SWIFT_ACTIVE_COMPILATION_CONDITIONS = DEBUG;
				SWIFT_OPTIMIZATION_LEVEL = "-Onone";
			};
			name = Debug;
		};
		3A6118CB2915786D001BCCD6 /* Release */ = {
			isa = XCBuildConfiguration;
			buildSettings = {
				ALWAYS_SEARCH_USER_PATHS = NO;
				CLANG_ANALYZER_NONNULL = YES;
				CLANG_ANALYZER_NUMBER_OBJECT_CONVERSION = YES_AGGRESSIVE;
				CLANG_CXX_LANGUAGE_STANDARD = "gnu++20";
				CLANG_ENABLE_MODULES = YES;
				CLANG_ENABLE_OBJC_ARC = YES;
				CLANG_ENABLE_OBJC_WEAK = YES;
				CLANG_WARN_BLOCK_CAPTURE_AUTORELEASING = YES;
				CLANG_WARN_BOOL_CONVERSION = YES;
				CLANG_WARN_COMMA = YES;
				CLANG_WARN_CONSTANT_CONVERSION = YES;
				CLANG_WARN_DEPRECATED_OBJC_IMPLEMENTATIONS = YES;
				CLANG_WARN_DIRECT_OBJC_ISA_USAGE = YES_ERROR;
				CLANG_WARN_DOCUMENTATION_COMMENTS = YES;
				CLANG_WARN_EMPTY_BODY = YES;
				CLANG_WARN_ENUM_CONVERSION = YES;
				CLANG_WARN_INFINITE_RECURSION = YES;
				CLANG_WARN_INT_CONVERSION = YES;
				CLANG_WARN_NON_LITERAL_NULL_CONVERSION = YES;
				CLANG_WARN_OBJC_IMPLICIT_RETAIN_SELF = YES;
				CLANG_WARN_OBJC_LITERAL_CONVERSION = YES;
				CLANG_WARN_OBJC_ROOT_CLASS = YES_ERROR;
				CLANG_WARN_QUOTED_INCLUDE_IN_FRAMEWORK_HEADER = YES;
				CLANG_WARN_RANGE_LOOP_ANALYSIS = YES;
				CLANG_WARN_STRICT_PROTOTYPES = YES;
				CLANG_WARN_SUSPICIOUS_MOVE = YES;
				CLANG_WARN_UNGUARDED_AVAILABILITY = YES_AGGRESSIVE;
				CLANG_WARN_UNREACHABLE_CODE = YES;
				CLANG_WARN__DUPLICATE_METHOD_MATCH = YES;
				COPY_PHASE_STRIP = NO;
				DEBUG_INFORMATION_FORMAT = "dwarf-with-dsym";
				ENABLE_NS_ASSERTIONS = NO;
				ENABLE_STRICT_OBJC_MSGSEND = YES;
				GCC_C_LANGUAGE_STANDARD = gnu11;
				GCC_NO_COMMON_BLOCKS = YES;
				GCC_WARN_64_TO_32_BIT_CONVERSION = YES;
				GCC_WARN_ABOUT_RETURN_TYPE = YES_ERROR;
				GCC_WARN_UNDECLARED_SELECTOR = YES;
				GCC_WARN_UNINITIALIZED_AUTOS = YES_AGGRESSIVE;
				GCC_WARN_UNUSED_FUNCTION = YES;
				GCC_WARN_UNUSED_VARIABLE = YES;
				IPHONEOS_DEPLOYMENT_TARGET = 16.0;
				MTL_ENABLE_DEBUG_INFO = NO;
				MTL_FAST_MATH = YES;
				SDKROOT = iphoneos;
				SWIFT_COMPILATION_MODE = wholemodule;
				SWIFT_OPTIMIZATION_LEVEL = "-O";
				VALIDATE_PRODUCT = YES;
			};
			name = Release;
		};
		3A6118CD2915786D001BCCD6 /* Debug */ = {
			isa = XCBuildConfiguration;
			buildSettings = {
				ASSETCATALOG_COMPILER_APPICON_NAME = AppIcon;
				ASSETCATALOG_COMPILER_GLOBAL_ACCENT_COLOR_NAME = AccentColor;
				CODE_SIGN_STYLE = Automatic;
				CURRENT_PROJECT_VERSION = 1;
				DEVELOPMENT_ASSET_PATHS = "\"NYTCarousel/Preview Content\"";
				DEVELOPMENT_TEAM = FL458598BU;
				ENABLE_PREVIEWS = YES;
				GENERATE_INFOPLIST_FILE = YES;
				INFOPLIST_FILE = NYTCarousel/Info.plist;
				INFOPLIST_KEY_UIApplicationSupportsIndirectInputEvents = YES;
				INFOPLIST_KEY_UISupportedInterfaceOrientations_iPad = "UIInterfaceOrientationPortrait UIInterfaceOrientationPortraitUpsideDown UIInterfaceOrientationLandscapeLeft UIInterfaceOrientationLandscapeRight";
				INFOPLIST_KEY_UISupportedInterfaceOrientations_iPhone = "UIInterfaceOrientationPortrait UIInterfaceOrientationLandscapeLeft UIInterfaceOrientationLandscapeRight";
				IPHONEOS_DEPLOYMENT_TARGET = 16.0;
				LD_RUNPATH_SEARCH_PATHS = (
					"$(inherited)",
					"@executable_path/Frameworks",
				);
				MARKETING_VERSION = 1.0;
				PRODUCT_BUNDLE_IDENTIFIER = com.hostingControllerSwiftUI.example.NYTCarousel;
				PRODUCT_NAME = "$(TARGET_NAME)";
				SWIFT_EMIT_LOC_STRINGS = YES;
				SWIFT_VERSION = 5.0;
				TARGETED_DEVICE_FAMILY = "1,2";
			};
			name = Debug;
		};
		3A6118CE2915786D001BCCD6 /* Release */ = {
			isa = XCBuildConfiguration;
			buildSettings = {
				ASSETCATALOG_COMPILER_APPICON_NAME = AppIcon;
				ASSETCATALOG_COMPILER_GLOBAL_ACCENT_COLOR_NAME = AccentColor;
				CODE_SIGN_STYLE = Automatic;
				CURRENT_PROJECT_VERSION = 1;
				DEVELOPMENT_ASSET_PATHS = "\"NYTCarousel/Preview Content\"";
				DEVELOPMENT_TEAM = FL458598BU;
				ENABLE_PREVIEWS = YES;
				GENERATE_INFOPLIST_FILE = YES;
				INFOPLIST_FILE = NYTCarousel/Info.plist;
				INFOPLIST_KEY_UIApplicationSupportsIndirectInputEvents = YES;
				INFOPLIST_KEY_UISupportedInterfaceOrientations_iPad = "UIInterfaceOrientationPortrait UIInterfaceOrientationPortraitUpsideDown UIInterfaceOrientationLandscapeLeft UIInterfaceOrientationLandscapeRight";
				INFOPLIST_KEY_UISupportedInterfaceOrientations_iPhone = "UIInterfaceOrientationPortrait UIInterfaceOrientationLandscapeLeft UIInterfaceOrientationLandscapeRight";
				IPHONEOS_DEPLOYMENT_TARGET = 16.0;
				LD_RUNPATH_SEARCH_PATHS = (
					"$(inherited)",
					"@executable_path/Frameworks",
				);
				MARKETING_VERSION = 1.0;
				PRODUCT_BUNDLE_IDENTIFIER = com.hostingControllerSwiftUI.example.NYTCarousel;
				PRODUCT_NAME = "$(TARGET_NAME)";
				SWIFT_EMIT_LOC_STRINGS = YES;
				SWIFT_VERSION = 5.0;
				TARGETED_DEVICE_FAMILY = "1,2";
			};
			name = Release;
		};
/* End XCBuildConfiguration section */

/* Begin XCConfigurationList section */
		3A6118B92915786C001BCCD6 /* Build configuration list for PBXProject "NYTCarousel" */ = {
			isa = XCConfigurationList;
			buildConfigurations = (
				3A6118CA2915786D001BCCD6 /* Debug */,
				3A6118CB2915786D001BCCD6 /* Release */,
			);
			defaultConfigurationIsVisible = 0;
			defaultConfigurationName = Release;
		};
		3A6118CC2915786D001BCCD6 /* Build configuration list for PBXNativeTarget "NYTCarousel" */ = {
			isa = XCConfigurationList;
			buildConfigurations = (
				3A6118CD2915786D001BCCD6 /* Debug */,
				3A6118CE2915786D001BCCD6 /* Release */,
			);
			defaultConfigurationIsVisible = 0;
			defaultConfigurationName = Release;
		};
/* End XCConfigurationList section */
	};
	rootObject = 3A6118B62915786C001BCCD6 /* Project object */;
}
